
Microsoft Visual Studio Solution File, Format Version 12.00
# Visual Studio Version 17
VisualStudioVersion = 17.0.32126.317
MinimumVisualStudioVersion = 10.0.40219.1
Project("{FAE04EC0-301F-11D3-BF4B-00C04F79EFBC}") = "ConsoleApp1", "ConsoleApp1\ConsoleApp1.csproj", "{05247247-22D5-44CF-B3C0-55D9123A5D92}"
EndProject
Global
	GlobalSection(SolutionConfigurationPlatforms) = preSolution
		Debug|Any CPU = Debug|Any CPU
		Release|Any CPU = Release|Any CPU
	EndGlobalSection
	GlobalSection(ProjectConfigurationPlatforms) = postSolution
		{05247247-22D5-44CF-B3C0-55D9123A5D92}.Debug|Any CPU.ActiveCfg = Debug|Any CPU
		{05247247-22D5-44CF-B3C0-55D9123A5D92}.Debug|Any CPU.Build.0 = Debug|Any CPU
		{05247247-22D5-44CF-B3C0-55D9123A5D92}.Release|Any CPU.ActiveCfg = Release|Any CPU
		{05247247-22D5-44CF-B3C0-55D9123A5D92}.Release|Any CPU.Build.0 = Release|Any CPU
	EndGlobalSection
	GlobalSection(SolutionProperties) = preSolution
		HideSolutionNode = FALSE
	EndGlobalSection
	GlobalSection(ExtensibilityGlobals) = postSolution
		SolutionGuid = {C4D8AD55-C5A8-45D5-9669-863B392A049E}
	EndGlobalSection
EndGlobal
